Microsoft Visual Studio Solution File, Format Version 11.00
# Visual C++ Express 2010
Project("{8BC9CEB8-8B4A-11D0-8D11-00A0C91BC942}") = "steam-condenser", "src\steam-condenser.vcxproj", "{0CC214CD-B7E6-4D80-8631-2B69ECAFA4CB}"
EndProject
Project("{8BC9CEB8-8B4A-11D0-8D11-00A0C91BC942}") = "test", "test\test.vcxproj", "{BC93B565-ABCE-4371-A0F4-7C5EC957ACD1}"
EndProject
Project("{8BC9CEB8-8B4A-11D0-8D11-00A0C91BC942}") = "libbz2", "src\libbz2.vcxproj", "{48FED5E2-AAE5-4B5D-A450-C769FFA6FBB0}"
EndProject
Global
	GlobalSection(SolutionConfigurationPlatforms) = preSolution
		Debug_DLL|Win32 = Debug_DLL|Win32
		Debug_LIB|Win32 = Debug_LIB|Win32
		Release_DLL|Win32 = Release_DLL|Win32
		Release_LIB|Win32 = Release_LIB|Win32
	EndGlobalSection
	GlobalSection(ProjectConfigurationPlatforms) = postSolution
		{0CC214CD-B7E6-4D80-8631-2B69ECAFA4CB}.Debug_DLL|Win32.ActiveCfg = Debug_DLL|Win32
		{0CC214CD-B7E6-4D80-8631-2B69ECAFA4CB}.Debug_DLL|Win32.Build.0 = Debug_DLL|Win32
		{0CC214CD-B7E6-4D80-8631-2B69ECAFA4CB}.Debug_LIB|Win32.ActiveCfg = Debug_LIB|Win32
		{0CC214CD-B7E6-4D80-8631-2B69ECAFA4CB}.Debug_LIB|Win32.Build.0 = Debug_LIB|Win32
		{0CC214CD-B7E6-4D80-8631-2B69ECAFA4CB}.Release_DLL|Win32.ActiveCfg = Release_DLL|Win32
		{0CC214CD-B7E6-4D80-8631-2B69ECAFA4CB}.Release_DLL|Win32.Build.0 = Release_DLL|Win32
		{0CC214CD-B7E6-4D80-8631-2B69ECAFA4CB}.Release_LIB|Win32.ActiveCfg = Release_LIB|Win32
		{0CC214CD-B7E6-4D80-8631-2B69ECAFA4CB}.Release_LIB|Win32.Build.0 = Release_LIB|Win32
		{BC93B565-ABCE-4371-A0F4-7C5EC957ACD1}.Debug_DLL|Win32.ActiveCfg = Debug_DLL|Win32
		{BC93B565-ABCE-4371-A0F4-7C5EC957ACD1}.Debug_DLL|Win32.Build.0 = Debug_DLL|Win32
		{BC93B565-ABCE-4371-A0F4-7C5EC957ACD1}.Debug_LIB|Win32.ActiveCfg = Debug_LIB|Win32
		{BC93B565-ABCE-4371-A0F4-7C5EC957ACD1}.Debug_LIB|Win32.Build.0 = Debug_LIB|Win32
		{BC93B565-ABCE-4371-A0F4-7C5EC957ACD1}.Release_DLL|Win32.ActiveCfg = Release_DLL|Win32
		{BC93B565-ABCE-4371-A0F4-7C5EC957ACD1}.Release_DLL|Win32.Build.0 = Release_DLL|Win32
		{BC93B565-ABCE-4371-A0F4-7C5EC957ACD1}.Release_LIB|Win32.ActiveCfg = Release_LIB|Win32
		{BC93B565-ABCE-4371-A0F4-7C5EC957ACD1}.Release_LIB|Win32.Build.0 = Release_LIB|Win32
		{48FED5E2-AAE5-4B5D-A450-C769FFA6FBB0}.Debug_DLL|Win32.ActiveCfg = Debug_DLL|Win32
		{48FED5E2-AAE5-4B5D-A450-C769FFA6FBB0}.Debug_DLL|Win32.Build.0 = Debug_DLL|Win32
		{48FED5E2-AAE5-4B5D-A450-C769FFA6FBB0}.Debug_LIB|Win32.ActiveCfg = Debug_LIB|Win32
		{48FED5E2-AAE5-4B5D-A450-C769FFA6FBB0}.Debug_LIB|Win32.Build.0 = Debug_LIB|Win32
		{48FED5E2-AAE5-4B5D-A450-C769FFA6FBB0}.Release_DLL|Win32.ActiveCfg = Release_DLL|Win32
		{48FED5E2-AAE5-4B5D-A450-C769FFA6FBB0}.Release_DLL|Win32.Build.0 = Release_DLL|Win32
		{48FED5E2-AAE5-4B5D-A450-C769FFA6FBB0}.Release_LIB|Win32.ActiveCfg = Release_LIB|Win32
		{48FED5E2-AAE5-4B5D-A450-C769FFA6FBB0}.Release_LIB|Win32.Build.0 = Release_LIB|Win32
	EndGlobalSection
	GlobalSection(SolutionProperties) = preSolution
		HideSolutionNode = FALSE
	EndGlobalSection
EndGlobal
