Microsoft Visual Studio Solution File, Format Version 8.00
Project("{8BC9CEB8-8B4A-11D0-8D11-00A0C91BC942}") = "steam-condenser", "src\steam-condenser.vcproj", "{0CC214CD-B7E6-4D80-8631-2B69ECAFA4CB}"
	ProjectSection(ProjectDependencies) = postProject
		{48FED5E2-AAE5-4B5D-A450-C769FFA6FBB0} = {48FED5E2-AAE5-4B5D-A450-C769FFA6FBB0}
	EndProjectSection
EndProject
Project("{8BC9CEB8-8B4A-11D0-8D11-00A0C91BC942}") = "test", "test\test.vcproj", "{BC93B565-ABCE-4371-A0F4-7C5EC957ACD1}"
	ProjectSection(ProjectDependencies) = postProject
		{0CC214CD-B7E6-4D80-8631-2B69ECAFA4CB} = {0CC214CD-B7E6-4D80-8631-2B69ECAFA4CB}
	EndProjectSection
EndProject
Project("{8BC9CEB8-8B4A-11D0-8D11-00A0C91BC942}") = "libbz2", "src\libbz2.vcproj", "{48FED5E2-AAE5-4B5D-A450-C769FFA6FBB0}"
	ProjectSection(ProjectDependencies) = postProject
	EndProjectSection
EndProject
Global
	GlobalSection(SolutionConfiguration) = preSolution
		Debug_DLL = Debug_DLL
		Debug_LIB = Debug_LIB
		Release_DLL = Release_DLL
		Release_LIB = Release_LIB
	EndGlobalSection
	GlobalSection(ProjectConfiguration) = postSolution
		{0CC214CD-B7E6-4D80-8631-2B69ECAFA4CB}.Debug_DLL.ActiveCfg = Debug_DLL|Win32
		{0CC214CD-B7E6-4D80-8631-2B69ECAFA4CB}.Debug_DLL.Build.0 = Debug_DLL|Win32
		{0CC214CD-B7E6-4D80-8631-2B69ECAFA4CB}.Debug_LIB.ActiveCfg = Debug_LIB|Win32
		{0CC214CD-B7E6-4D80-8631-2B69ECAFA4CB}.Debug_LIB.Build.0 = Debug_LIB|Win32
		{0CC214CD-B7E6-4D80-8631-2B69ECAFA4CB}.Release_DLL.ActiveCfg = Release_DLL|Win32
		{0CC214CD-B7E6-4D80-8631-2B69ECAFA4CB}.Release_DLL.Build.0 = Release_DLL|Win32
		{0CC214CD-B7E6-4D80-8631-2B69ECAFA4CB}.Release_LIB.ActiveCfg = Release_LIB|Win32
		{0CC214CD-B7E6-4D80-8631-2B69ECAFA4CB}.Release_LIB.Build.0 = Release_LIB|Win32
		{BC93B565-ABCE-4371-A0F4-7C5EC957ACD1}.Debug_DLL.ActiveCfg = Debug_DLL|Win32
		{BC93B565-ABCE-4371-A0F4-7C5EC957ACD1}.Debug_DLL.Build.0 = Debug_DLL|Win32
		{BC93B565-ABCE-4371-A0F4-7C5EC957ACD1}.Debug_LIB.ActiveCfg = Debug_LIB|Win32
		{BC93B565-ABCE-4371-A0F4-7C5EC957ACD1}.Debug_LIB.Build.0 = Debug_LIB|Win32
		{BC93B565-ABCE-4371-A0F4-7C5EC957ACD1}.Release_DLL.ActiveCfg = Release_DLL|Win32
		{BC93B565-ABCE-4371-A0F4-7C5EC957ACD1}.Release_DLL.Build.0 = Release_DLL|Win32
		{BC93B565-ABCE-4371-A0F4-7C5EC957ACD1}.Release_LIB.ActiveCfg = Release_LIB|Win32
		{BC93B565-ABCE-4371-A0F4-7C5EC957ACD1}.Release_LIB.Build.0 = Release_LIB|Win32
		{48FED5E2-AAE5-4B5D-A450-C769FFA6FBB0}.Debug_DLL.ActiveCfg = Debug_DLL|Win32
		{48FED5E2-AAE5-4B5D-A450-C769FFA6FBB0}.Debug_DLL.Build.0 = Debug_DLL|Win32
		{48FED5E2-AAE5-4B5D-A450-C769FFA6FBB0}.Debug_LIB.ActiveCfg = Debug_LIB|Win32
		{48FED5E2-AAE5-4B5D-A450-C769FFA6FBB0}.Debug_LIB.Build.0 = Debug_LIB|Win32
		{48FED5E2-AAE5-4B5D-A450-C769FFA6FBB0}.Release_DLL.ActiveCfg = Release_DLL|Win32
		{48FED5E2-AAE5-4B5D-A450-C769FFA6FBB0}.Release_DLL.Build.0 = Release_DLL|Win32
		{48FED5E2-AAE5-4B5D-A450-C769FFA6FBB0}.Release_LIB.ActiveCfg = Release_LIB|Win32
		{48FED5E2-AAE5-4B5D-A450-C769FFA6FBB0}.Release_LIB.Build.0 = Release_LIB|Win32
	EndGlobalSection
	GlobalSection(ExtensibilityGlobals) = postSolution
	EndGlobalSection
	GlobalSection(ExtensibilityAddIns) = postSolution
	EndGlobalSection
EndGlobal
